
Microsoft Visual Studio Solution File, Format Version 12.00
# Visual Studio Version 16
VisualStudioVersion = 16.0.30104.148
MinimumVisualStudioVersion = 10.0.40219.1
Project("{9A19103F-16F7-4668-BE54-9A1E7A4F7556}") = "MyNozbe.API", "MyNozbe.API\MyNozbe.API.csproj", "{0552EE52-7E2A-4CCC-8373-28CB4808F07C}"
EndProject
Project("{9A19103F-16F7-4668-BE54-9A1E7A4F7556}") = "MyNozbe.Database", "MyNozbe.Database\MyNozbe.Database.csproj", "{271292D1-05FA-4A9C-AD0D-3F49B3C708F3}"
EndProject
Project("{FAE04EC0-301F-11D3-BF4B-00C04F79EFBC}") = "MyNozbe.API.E2ETests", "MyNozbe.API.E2ETests\MyNozbe.API.E2ETests.csproj", "{21A8D638-BAE3-4CF7-B6F0-FC6A22169DEA}"
EndProject
Project("{FAE04EC0-301F-11D3-BF4B-00C04F79EFBC}") = "MyNozbe.Domain", "MyNozbe.Domain\MyNozbe.Domain.csproj", "{0AD37F3F-4608-4BC9-9818-757A09B5116A}"
EndProject
Global
	GlobalSection(SolutionConfigurationPlatforms) = preSolution
		Debug|Any CPU = Debug|Any CPU
		Release|Any CPU = Release|Any CPU
	EndGlobalSection
	GlobalSection(ProjectConfigurationPlatforms) = postSolution
		{0552EE52-7E2A-4CCC-8373-28CB4808F07C}.Debug|Any CPU.ActiveCfg = Debug|Any CPU
		{0552EE52-7E2A-4CCC-8373-28CB4808F07C}.Debug|Any CPU.Build.0 = Debug|Any CPU
		{0552EE52-7E2A-4CCC-8373-28CB4808F07C}.Release|Any CPU.ActiveCfg = Release|Any CPU
		{0552EE52-7E2A-4CCC-8373-28CB4808F07C}.Release|Any CPU.Build.0 = Release|Any CPU
		{271292D1-05FA-4A9C-AD0D-3F49B3C708F3}.Debug|Any CPU.ActiveCfg = Debug|Any CPU
		{271292D1-05FA-4A9C-AD0D-3F49B3C708F3}.Debug|Any CPU.Build.0 = Debug|Any CPU
		{271292D1-05FA-4A9C-AD0D-3F49B3C708F3}.Release|Any CPU.ActiveCfg = Release|Any CPU
		{271292D1-05FA-4A9C-AD0D-3F49B3C708F3}.Release|Any CPU.Build.0 = Release|Any CPU
		{21A8D638-BAE3-4CF7-B6F0-FC6A22169DEA}.Debug|Any CPU.ActiveCfg = Debug|Any CPU
		{21A8D638-BAE3-4CF7-B6F0-FC6A22169DEA}.Debug|Any CPU.Build.0 = Debug|Any CPU
		{21A8D638-BAE3-4CF7-B6F0-FC6A22169DEA}.Release|Any CPU.ActiveCfg = Release|Any CPU
		{21A8D638-BAE3-4CF7-B6F0-FC6A22169DEA}.Release|Any CPU.Build.0 = Release|Any CPU
		{0AD37F3F-4608-4BC9-9818-757A09B5116A}.Debug|Any CPU.ActiveCfg = Debug|Any CPU
		{0AD37F3F-4608-4BC9-9818-757A09B5116A}.Debug|Any CPU.Build.0 = Debug|Any CPU
		{0AD37F3F-4608-4BC9-9818-757A09B5116A}.Release|Any CPU.ActiveCfg = Release|Any CPU
		{0AD37F3F-4608-4BC9-9818-757A09B5116A}.Release|Any CPU.Build.0 = Release|Any CPU
	EndGlobalSection
	GlobalSection(SolutionProperties) = preSolution
		HideSolutionNode = FALSE
	EndGlobalSection
	GlobalSection(ExtensibilityGlobals) = postSolution
		SolutionGuid = {13E11215-82B3-4A8B-A528-FA6AEDC88184}
	EndGlobalSection
EndGlobal
